
Microsoft Visual Studio Solution File, Format Version 12.00
# Visual Studio Version 17
VisualStudioVersion = 17.5.33516.290
MinimumVisualStudioVersion = 10.0.40219.1
Project("{9A19103F-16F7-4668-BE54-9A1E7A4F7556}") = "CricBook", "CricBook\CricBook.csproj", "{AB5231A7-4996-401B-83C3-514783A3553A}"
EndProject
Global
	GlobalSection(SolutionConfigurationPlatforms) = preSolution
		Debug|Any CPU = Debug|Any CPU
		Release|Any CPU = Release|Any CPU
	EndGlobalSection
	GlobalSection(ProjectConfigurationPlatforms) = postSolution
		{AB5231A7-4996-401B-83C3-514783A3553A}.Debug|Any CPU.ActiveCfg = Debug|Any CPU
		{AB5231A7-4996-401B-83C3-514783A3553A}.Debug|Any CPU.Build.0 = Debug|Any CPU
		{AB5231A7-4996-401B-83C3-514783A3553A}.Release|Any CPU.ActiveCfg = Release|Any CPU
		{AB5231A7-4996-401B-83C3-514783A3553A}.Release|Any CPU.Build.0 = Release|Any CPU
	EndGlobalSection
	GlobalSection(SolutionProperties) = preSolution
		HideSolutionNode = FALSE
	EndGlobalSection
	GlobalSection(ExtensibilityGlobals) = postSolution
		SolutionGuid = {99762E52-95CC-4E24-A48D-C4BCE6D25D69}
	EndGlobalSection
EndGlobal
